[[package]]
category = "main"
description = "A high-level Python Web framework that encourages rapid development and clean, pragmatic design."
name = "django"
optional = false
python-versions = ">=3.5"
version = "2.2.4"

[package.dependencies]
pytz = "*"
sqlparse = "*"

[[package]]
category = "main"
description = "Tweak the form field rendering in templates, not in python-level form definitions."
name = "django-widget-tweaks"
optional = false
python-versions = "*"
version = "1.4.5"

[[package]]
category = "main"
description = "World timezone definitions, modern and historical"
name = "pytz"
optional = false
python-versions = "*"
version = "2019.2"

[[package]]
category = "main"
description = "Non-validating SQL parser"
name = "sqlparse"
optional = false
python-versions = ">=2.7, !=3.0.*, !=3.1.*, !=3.2.*, !=3.3.*"
version = "0.3.0"

[metadata]
content-hash = "a8df92d2e9871f2fa685b86b846d6dad8c9243c71ddce271c37019a64976789c"
python-versions = "^3.7"

[metadata.hashes]
django = ["16a5d54411599780ac9dfe3b9b38f90f785c51259a584e0b24b6f14a7f69aae8", "9a2f98211ab474c710fcdad29c82f30fc14ce9917c7a70c3682162a624de4035"]
django-widget-tweaks = ["65c960f3d75008a285e4b10f4d21f9eae4160fd77a0f6097ad545185f8648bd6", "f2e2c9c9be1ccc59061e248dcc2144f4906d594abe1a563902f4bdf6aa14e432"]
pytz = ["26c0b32e437e54a18161324a2fca3c4b9846b74a8dccddd843113109e1116b32", "c894d57500a4cd2d5c71114aaab77dbab5eabd9022308ce5ac9bb93a60a6f0c7"]
sqlparse = ["40afe6b8d4b1117e7dff5504d7a8ce07d9a1b15aeeade8a2d10f130a834f8177", "7c3dca29c022744e95b547e867cee89f4fce4373f3549ccd8797d8eb52cdb873"]
